
Microsoft Visual Studio Solution File, Format Version 12.00
# Visual Studio 15
VisualStudioVersion = 15.0.28010.2016
MinimumVisualStudioVersion = 10.0.40219.1
Project("{FAE04EC0-301F-11D3-BF4B-00C04F79EFBC}") = "WindowsMLDemos.Common", "WindowsMLDemos.Common\WindowsMLDemos.Common.csproj", "{C572A08D-74E0-4BD0-955C-BB3C11F925C5}"
EndProject
Project("{2150E333-8FDC-42A3-9474-1A3956D46DE8}") = "Demos", "Demos", "{43BC80C2-6063-47F2-ACFD-6171C9D567B8}"
EndProject
Project("{FAE04EC0-301F-11D3-BF4B-00C04F79EFBC}") = "GoogleNetPlaces", "GoogleNetPlaces\GoogleNetPlaces.csproj", "{545CCEFB-D366-491E-9D22-24BDDA0F53DC}"
EndProject
Project("{FAE04EC0-301F-11D3-BF4B-00C04F79EFBC}") = "TinyYOLO", "TinyYOLO\TinyYOLO.csproj", "{D36CD778-319A-4844-AFAD-208CFCA77068}"
EndProject
Project("{FAE04EC0-301F-11D3-BF4B-00C04F79EFBC}") = "InceptionV3", "InceptionV3\InceptionV3.csproj", "{DCF37EFF-C9C6-4F9C-B5EA-598C08F3FCF2}"
EndProject
Project("{FAE04EC0-301F-11D3-BF4B-00C04F79EFBC}") = "ResNet50", "ResNet50\ResNet50.csproj", "{4F22B8FE-CF02-4838-BFBF-44E1863677A6}"
EndProject
Project("{FAE04EC0-301F-11D3-BF4B-00C04F79EFBC}") = "FNSSeries", "FNSSeries\FNSSeries.csproj", "{368AFA81-CF74-4222-AD05-FEFC671FB1B0}"
EndProject
Project("{FAE04EC0-301F-11D3-BF4B-00C04F79EFBC}") = "LocationNet", "LocationNet\LocationNet.csproj", "{EE05E043-A10B-4737-AF3D-B466AD4F38E1}"
EndProject
Global
	GlobalSection(SolutionConfigurationPlatforms) = preSolution
		Debug|Any CPU = Debug|Any CPU
		Debug|ARM = Debug|ARM
		Debug|x64 = Debug|x64
		Debug|x86 = Debug|x86
		Release|Any CPU = Release|Any CPU
		Release|ARM = Release|ARM
		Release|x64 = Release|x64
		Release|x86 = Release|x86
	EndGlobalSection
	GlobalSection(ProjectConfigurationPlatforms) = postSolution
		{C572A08D-74E0-4BD0-955C-BB3C11F925C5}.Debug|Any CPU.ActiveCfg = Debug|Any CPU
		{C572A08D-74E0-4BD0-955C-BB3C11F925C5}.Debug|Any CPU.Build.0 = Debug|Any CPU
		{C572A08D-74E0-4BD0-955C-BB3C11F925C5}.Debug|ARM.ActiveCfg = Debug|ARM
		{C572A08D-74E0-4BD0-955C-BB3C11F925C5}.Debug|ARM.Build.0 = Debug|ARM
		{C572A08D-74E0-4BD0-955C-BB3C11F925C5}.Debug|x64.ActiveCfg = Debug|x64
		{C572A08D-74E0-4BD0-955C-BB3C11F925C5}.Debug|x64.Build.0 = Debug|x64
		{C572A08D-74E0-4BD0-955C-BB3C11F925C5}.Debug|x86.ActiveCfg = Debug|x86
		{C572A08D-74E0-4BD0-955C-BB3C11F925C5}.Debug|x86.Build.0 = Debug|x86
		{C572A08D-74E0-4BD0-955C-BB3C11F925C5}.Release|Any CPU.ActiveCfg = Release|Any CPU
		{C572A08D-74E0-4BD0-955C-BB3C11F925C5}.Release|Any CPU.Build.0 = Release|Any CPU
		{C572A08D-74E0-4BD0-955C-BB3C11F925C5}.Release|ARM.ActiveCfg = Release|ARM
		{C572A08D-74E0-4BD0-955C-BB3C11F925C5}.Release|ARM.Build.0 = Release|ARM
		{C572A08D-74E0-4BD0-955C-BB3C11F925C5}.Release|x64.ActiveCfg = Release|x64
		{C572A08D-74E0-4BD0-955C-BB3C11F925C5}.Release|x64.Build.0 = Release|x64
		{C572A08D-74E0-4BD0-955C-BB3C11F925C5}.Release|x86.ActiveCfg = Release|x86
		{C572A08D-74E0-4BD0-955C-BB3C11F925C5}.Release|x86.Build.0 = Release|x86
		{545CCEFB-D366-491E-9D22-24BDDA0F53DC}.Debug|Any CPU.ActiveCfg = Debug|x86
		{545CCEFB-D366-491E-9D22-24BDDA0F53DC}.Debug|Any CPU.Build.0 = Debug|x86
		{545CCEFB-D366-491E-9D22-24BDDA0F53DC}.Debug|Any CPU.Deploy.0 = Debug|x86
		{545CCEFB-D366-491E-9D22-24BDDA0F53DC}.Debug|ARM.ActiveCfg = Debug|ARM
		{545CCEFB-D366-491E-9D22-24BDDA0F53DC}.Debug|ARM.Build.0 = Debug|ARM
		{545CCEFB-D366-491E-9D22-24BDDA0F53DC}.Debug|ARM.Deploy.0 = Debug|ARM
		{545CCEFB-D366-491E-9D22-24BDDA0F53DC}.Debug|x64.ActiveCfg = Debug|x64
		{545CCEFB-D366-491E-9D22-24BDDA0F53DC}.Debug|x64.Build.0 = Debug|x64
		{545CCEFB-D366-491E-9D22-24BDDA0F53DC}.Debug|x64.Deploy.0 = Debug|x64
		{545CCEFB-D366-491E-9D22-24BDDA0F53DC}.Debug|x86.ActiveCfg = Debug|x86
		{545CCEFB-D366-491E-9D22-24BDDA0F53DC}.Debug|x86.Build.0 = Debug|x86
		{545CCEFB-D366-491E-9D22-24BDDA0F53DC}.Debug|x86.Deploy.0 = Debug|x86
		{545CCEFB-D366-491E-9D22-24BDDA0F53DC}.Release|Any CPU.ActiveCfg = Release|x86
		{545CCEFB-D366-491E-9D22-24BDDA0F53DC}.Release|ARM.ActiveCfg = Release|ARM
		{545CCEFB-D366-491E-9D22-24BDDA0F53DC}.Release|ARM.Build.0 = Release|ARM
		{545CCEFB-D366-491E-9D22-24BDDA0F53DC}.Release|ARM.Deploy.0 = Release|ARM
		{545CCEFB-D366-491E-9D22-24BDDA0F53DC}.Release|x64.ActiveCfg = Release|x64
		{545CCEFB-D366-491E-9D22-24BDDA0F53DC}.Release|x64.Build.0 = Release|x64
		{545CCEFB-D366-491E-9D22-24BDDA0F53DC}.Release|x64.Deploy.0 = Release|x64
		{545CCEFB-D366-491E-9D22-24BDDA0F53DC}.Release|x86.ActiveCfg = Release|x86
		{545CCEFB-D366-491E-9D22-24BDDA0F53DC}.Release|x86.Build.0 = Release|x86
		{545CCEFB-D366-491E-9D22-24BDDA0F53DC}.Release|x86.Deploy.0 = Release|x86
		{D36CD778-319A-4844-AFAD-208CFCA77068}.Debug|Any CPU.ActiveCfg = Debug|x86
		{D36CD778-319A-4844-AFAD-208CFCA77068}.Debug|Any CPU.Build.0 = Debug|x86
		{D36CD778-319A-4844-AFAD-208CFCA77068}.Debug|Any CPU.Deploy.0 = Debug|x86
		{D36CD778-319A-4844-AFAD-208CFCA77068}.Debug|ARM.ActiveCfg = Debug|ARM
		{D36CD778-319A-4844-AFAD-208CFCA77068}.Debug|ARM.Build.0 = Debug|ARM
		{D36CD778-319A-4844-AFAD-208CFCA77068}.Debug|ARM.Deploy.0 = Debug|ARM
		{D36CD778-319A-4844-AFAD-208CFCA77068}.Debug|x64.ActiveCfg = Debug|x64
		{D36CD778-319A-4844-AFAD-208CFCA77068}.Debug|x64.Build.0 = Debug|x64
		{D36CD778-319A-4844-AFAD-208CFCA77068}.Debug|x64.Deploy.0 = Debug|x64
		{D36CD778-319A-4844-AFAD-208CFCA77068}.Debug|x86.ActiveCfg = Debug|x86
		{D36CD778-319A-4844-AFAD-208CFCA77068}.Debug|x86.Build.0 = Debug|x86
		{D36CD778-319A-4844-AFAD-208CFCA77068}.Debug|x86.Deploy.0 = Debug|x86
		{D36CD778-319A-4844-AFAD-208CFCA77068}.Release|Any CPU.ActiveCfg = Release|x86
		{D36CD778-319A-4844-AFAD-208CFCA77068}.Release|ARM.ActiveCfg = Release|ARM
		{D36CD778-319A-4844-AFAD-208CFCA77068}.Release|ARM.Build.0 = Release|ARM
		{D36CD778-319A-4844-AFAD-208CFCA77068}.Release|ARM.Deploy.0 = Release|ARM
		{D36CD778-319A-4844-AFAD-208CFCA77068}.Release|x64.ActiveCfg = Release|x64
		{D36CD778-319A-4844-AFAD-208CFCA77068}.Release|x64.Build.0 = Release|x64
		{D36CD778-319A-4844-AFAD-208CFCA77068}.Release|x64.Deploy.0 = Release|x64
		{D36CD778-319A-4844-AFAD-208CFCA77068}.Release|x86.ActiveCfg = Release|x86
		{D36CD778-319A-4844-AFAD-208CFCA77068}.Release|x86.Build.0 = Release|x86
		{D36CD778-319A-4844-AFAD-208CFCA77068}.Release|x86.Deploy.0 = Release|x86
		{DCF37EFF-C9C6-4F9C-B5EA-598C08F3FCF2}.Debug|Any CPU.ActiveCfg = Debug|x86
		{DCF37EFF-C9C6-4F9C-B5EA-598C08F3FCF2}.Debug|Any CPU.Build.0 = Debug|x86
		{DCF37EFF-C9C6-4F9C-B5EA-598C08F3FCF2}.Debug|Any CPU.Deploy.0 = Debug|x86
		{DCF37EFF-C9C6-4F9C-B5EA-598C08F3FCF2}.Debug|ARM.ActiveCfg = Debug|ARM
		{DCF37EFF-C9C6-4F9C-B5EA-598C08F3FCF2}.Debug|ARM.Build.0 = Debug|ARM
		{DCF37EFF-C9C6-4F9C-B5EA-598C08F3FCF2}.Debug|ARM.Deploy.0 = Debug|ARM
		{DCF37EFF-C9C6-4F9C-B5EA-598C08F3FCF2}.Debug|x64.ActiveCfg = Debug|x64
		{DCF37EFF-C9C6-4F9C-B5EA-598C08F3FCF2}.Debug|x64.Build.0 = Debug|x64
		{DCF37EFF-C9C6-4F9C-B5EA-598C08F3FCF2}.Debug|x64.Deploy.0 = Debug|x64
		{DCF37EFF-C9C6-4F9C-B5EA-598C08F3FCF2}.Debug|x86.ActiveCfg = Debug|x86
		{DCF37EFF-C9C6-4F9C-B5EA-598C08F3FCF2}.Debug|x86.Build.0 = Debug|x86
		{DCF37EFF-C9C6-4F9C-B5EA-598C08F3FCF2}.Debug|x86.Deploy.0 = Debug|x86
		{DCF37EFF-C9C6-4F9C-B5EA-598C08F3FCF2}.Release|Any CPU.ActiveCfg = Release|x86
		{DCF37EFF-C9C6-4F9C-B5EA-598C08F3FCF2}.Release|ARM.ActiveCfg = Release|ARM
		{DCF37EFF-C9C6-4F9C-B5EA-598C08F3FCF2}.Release|ARM.Build.0 = Release|ARM
		{DCF37EFF-C9C6-4F9C-B5EA-598C08F3FCF2}.Release|ARM.Deploy.0 = Release|ARM
		{DCF37EFF-C9C6-4F9C-B5EA-598C08F3FCF2}.Release|x64.ActiveCfg = Release|x64
		{DCF37EFF-C9C6-4F9C-B5EA-598C08F3FCF2}.Release|x64.Build.0 = Release|x64
		{DCF37EFF-C9C6-4F9C-B5EA-598C08F3FCF2}.Release|x64.Deploy.0 = Release|x64
		{DCF37EFF-C9C6-4F9C-B5EA-598C08F3FCF2}.Release|x86.ActiveCfg = Release|x86
		{DCF37EFF-C9C6-4F9C-B5EA-598C08F3FCF2}.Release|x86.Build.0 = Release|x86
		{DCF37EFF-C9C6-4F9C-B5EA-598C08F3FCF2}.Release|x86.Deploy.0 = Release|x86
		{4F22B8FE-CF02-4838-BFBF-44E1863677A6}.Debug|Any CPU.ActiveCfg = Debug|x86
		{4F22B8FE-CF02-4838-BFBF-44E1863677A6}.Debug|Any CPU.Build.0 = Debug|x86
		{4F22B8FE-CF02-4838-BFBF-44E1863677A6}.Debug|Any CPU.Deploy.0 = Debug|x86
		{4F22B8FE-CF02-4838-BFBF-44E1863677A6}.Debug|ARM.ActiveCfg = Debug|ARM
		{4F22B8FE-CF02-4838-BFBF-44E1863677A6}.Debug|ARM.Build.0 = Debug|ARM
		{4F22B8FE-CF02-4838-BFBF-44E1863677A6}.Debug|ARM.Deploy.0 = Debug|ARM
		{4F22B8FE-CF02-4838-BFBF-44E1863677A6}.Debug|x64.ActiveCfg = Debug|x64
		{4F22B8FE-CF02-4838-BFBF-44E1863677A6}.Debug|x64.Build.0 = Debug|x64
		{4F22B8FE-CF02-4838-BFBF-44E1863677A6}.Debug|x64.Deploy.0 = Debug|x64
		{4F22B8FE-CF02-4838-BFBF-44E1863677A6}.Debug|x86.ActiveCfg = Debug|x86
		{4F22B8FE-CF02-4838-BFBF-44E1863677A6}.Debug|x86.Build.0 = Debug|x86
		{4F22B8FE-CF02-4838-BFBF-44E1863677A6}.Debug|x86.Deploy.0 = Debug|x86
		{4F22B8FE-CF02-4838-BFBF-44E1863677A6}.Release|Any CPU.ActiveCfg = Release|x86
		{4F22B8FE-CF02-4838-BFBF-44E1863677A6}.Release|ARM.ActiveCfg = Release|ARM
		{4F22B8FE-CF02-4838-BFBF-44E1863677A6}.Release|ARM.Build.0 = Release|ARM
		{4F22B8FE-CF02-4838-BFBF-44E1863677A6}.Release|ARM.Deploy.0 = Release|ARM
		{4F22B8FE-CF02-4838-BFBF-44E1863677A6}.Release|x64.ActiveCfg = Release|x64
		{4F22B8FE-CF02-4838-BFBF-44E1863677A6}.Release|x64.Build.0 = Release|x64
		{4F22B8FE-CF02-4838-BFBF-44E1863677A6}.Release|x64.Deploy.0 = Release|x64
		{4F22B8FE-CF02-4838-BFBF-44E1863677A6}.Release|x86.ActiveCfg = Release|x86
		{4F22B8FE-CF02-4838-BFBF-44E1863677A6}.Release|x86.Build.0 = Release|x86
		{4F22B8FE-CF02-4838-BFBF-44E1863677A6}.Release|x86.Deploy.0 = Release|x86
		{368AFA81-CF74-4222-AD05-FEFC671FB1B0}.Debug|Any CPU.ActiveCfg = Debug|x86
		{368AFA81-CF74-4222-AD05-FEFC671FB1B0}.Debug|Any CPU.Build.0 = Debug|x86
		{368AFA81-CF74-4222-AD05-FEFC671FB1B0}.Debug|Any CPU.Deploy.0 = Debug|x86
		{368AFA81-CF74-4222-AD05-FEFC671FB1B0}.Debug|ARM.ActiveCfg = Debug|ARM
		{368AFA81-CF74-4222-AD05-FEFC671FB1B0}.Debug|ARM.Build.0 = Debug|ARM
		{368AFA81-CF74-4222-AD05-FEFC671FB1B0}.Debug|ARM.Deploy.0 = Debug|ARM
		{368AFA81-CF74-4222-AD05-FEFC671FB1B0}.Debug|x64.ActiveCfg = Debug|x64
		{368AFA81-CF74-4222-AD05-FEFC671FB1B0}.Debug|x64.Build.0 = Debug|x64
		{368AFA81-CF74-4222-AD05-FEFC671FB1B0}.Debug|x64.Deploy.0 = Debug|x64
		{368AFA81-CF74-4222-AD05-FEFC671FB1B0}.Debug|x86.ActiveCfg = Debug|x86
		{368AFA81-CF74-4222-AD05-FEFC671FB1B0}.Debug|x86.Build.0 = Debug|x86
		{368AFA81-CF74-4222-AD05-FEFC671FB1B0}.Debug|x86.Deploy.0 = Debug|x86
		{368AFA81-CF74-4222-AD05-FEFC671FB1B0}.Release|Any CPU.ActiveCfg = Release|x86
		{368AFA81-CF74-4222-AD05-FEFC671FB1B0}.Release|ARM.ActiveCfg = Release|ARM
		{368AFA81-CF74-4222-AD05-FEFC671FB1B0}.Release|ARM.Build.0 = Release|ARM
		{368AFA81-CF74-4222-AD05-FEFC671FB1B0}.Release|ARM.Deploy.0 = Release|ARM
		{368AFA81-CF74-4222-AD05-FEFC671FB1B0}.Release|x64.ActiveCfg = Release|x64
		{368AFA81-CF74-4222-AD05-FEFC671FB1B0}.Release|x64.Build.0 = Release|x64
		{368AFA81-CF74-4222-AD05-FEFC671FB1B0}.Release|x64.Deploy.0 = Release|x64
		{368AFA81-CF74-4222-AD05-FEFC671FB1B0}.Release|x86.ActiveCfg = Release|x86
		{368AFA81-CF74-4222-AD05-FEFC671FB1B0}.Release|x86.Build.0 = Release|x86
		{368AFA81-CF74-4222-AD05-FEFC671FB1B0}.Release|x86.Deploy.0 = Release|x86
		{EE05E043-A10B-4737-AF3D-B466AD4F38E1}.Debug|Any CPU.ActiveCfg = Debug|x86
		{EE05E043-A10B-4737-AF3D-B466AD4F38E1}.Debug|Any CPU.Build.0 = Debug|x86
		{EE05E043-A10B-4737-AF3D-B466AD4F38E1}.Debug|Any CPU.Deploy.0 = Debug|x86
		{EE05E043-A10B-4737-AF3D-B466AD4F38E1}.Debug|ARM.ActiveCfg = Debug|ARM
		{EE05E043-A10B-4737-AF3D-B466AD4F38E1}.Debug|ARM.Build.0 = Debug|ARM
		{EE05E043-A10B-4737-AF3D-B466AD4F38E1}.Debug|ARM.Deploy.0 = Debug|ARM
		{EE05E043-A10B-4737-AF3D-B466AD4F38E1}.Debug|x64.ActiveCfg = Debug|x64
		{EE05E043-A10B-4737-AF3D-B466AD4F38E1}.Debug|x64.Build.0 = Debug|x64
		{EE05E043-A10B-4737-AF3D-B466AD4F38E1}.Debug|x64.Deploy.0 = Debug|x64
		{EE05E043-A10B-4737-AF3D-B466AD4F38E1}.Debug|x86.ActiveCfg = Debug|x86
		{EE05E043-A10B-4737-AF3D-B466AD4F38E1}.Debug|x86.Build.0 = Debug|x86
		{EE05E043-A10B-4737-AF3D-B466AD4F38E1}.Debug|x86.Deploy.0 = Debug|x86
		{EE05E043-A10B-4737-AF3D-B466AD4F38E1}.Release|Any CPU.ActiveCfg = Release|x86
		{EE05E043-A10B-4737-AF3D-B466AD4F38E1}.Release|ARM.ActiveCfg = Release|ARM
		{EE05E043-A10B-4737-AF3D-B466AD4F38E1}.Release|ARM.Build.0 = Release|ARM
		{EE05E043-A10B-4737-AF3D-B466AD4F38E1}.Release|ARM.Deploy.0 = Release|ARM
		{EE05E043-A10B-4737-AF3D-B466AD4F38E1}.Release|x64.ActiveCfg = Release|x64
		{EE05E043-A10B-4737-AF3D-B466AD4F38E1}.Release|x64.Build.0 = Release|x64
		{EE05E043-A10B-4737-AF3D-B466AD4F38E1}.Release|x64.Deploy.0 = Release|x64
		{EE05E043-A10B-4737-AF3D-B466AD4F38E1}.Release|x86.ActiveCfg = Release|x86
		{EE05E043-A10B-4737-AF3D-B466AD4F38E1}.Release|x86.Build.0 = Release|x86
		{EE05E043-A10B-4737-AF3D-B466AD4F38E1}.Release|x86.Deploy.0 = Release|x86
	EndGlobalSection
	GlobalSection(SolutionProperties) = preSolution
		HideSolutionNode = FALSE
	EndGlobalSection
	GlobalSection(NestedProjects) = preSolution
		{545CCEFB-D366-491E-9D22-24BDDA0F53DC} = {43BC80C2-6063-47F2-ACFD-6171C9D567B8}
		{D36CD778-319A-4844-AFAD-208CFCA77068} = {43BC80C2-6063-47F2-ACFD-6171C9D567B8}
		{DCF37EFF-C9C6-4F9C-B5EA-598C08F3FCF2} = {43BC80C2-6063-47F2-ACFD-6171C9D567B8}
		{4F22B8FE-CF02-4838-BFBF-44E1863677A6} = {43BC80C2-6063-47F2-ACFD-6171C9D567B8}
		{368AFA81-CF74-4222-AD05-FEFC671FB1B0} = {43BC80C2-6063-47F2-ACFD-6171C9D567B8}
		{EE05E043-A10B-4737-AF3D-B466AD4F38E1} = {43BC80C2-6063-47F2-ACFD-6171C9D567B8}
	EndGlobalSection
	GlobalSection(ExtensibilityGlobals) = postSolution
		SolutionGuid = {6FB4AC23-A4AB-4BC2-BD5C-28554B60EE02}
	EndGlobalSection
EndGlobal
